
Microsoft Visual Studio Solution File, Format Version 12.00
# Visual Studio Version 17
VisualStudioVersion = 17.0.31903.59
MinimumVisualStudioVersion = 10.0.40219.1
Project("{FAE04EC0-301F-11D3-BF4B-00C04F79EFBC}") = "NuGetSave", "NuGetSave\NuGetSave.csproj", "{1E075B56-936E-480E-98CE-FF3EEFD71C56}"
EndProject
Global
	GlobalSection(SolutionConfigurationPlatforms) = preSolution
		Debug|Any CPU = Debug|Any CPU
		Release|Any CPU = Release|Any CPU
	EndGlobalSection
	GlobalSection(ProjectConfigurationPlatforms) = postSolution
		{1E075B56-936E-480E-98CE-FF3EEFD71C56}.Debug|Any CPU.ActiveCfg = Debug|Any CPU
		{1E075B56-936E-480E-98CE-FF3EEFD71C56}.Debug|Any CPU.Build.0 = Debug|Any CPU
		{1E075B56-936E-480E-98CE-FF3EEFD71C56}.Release|Any CPU.ActiveCfg = Release|Any CPU
		{1E075B56-936E-480E-98CE-FF3EEFD71C56}.Release|Any CPU.Build.0 = Release|Any CPU
	EndGlobalSection
	GlobalSection(SolutionProperties) = preSolution
		HideSolutionNode = FALSE
	EndGlobalSection
	GlobalSection(ExtensibilityGlobals) = postSolution
		SolutionGuid = {57EA0A08-CB47-417E-A2FE-C9465486F7DD}
	EndGlobalSection
EndGlobal
